
Microsoft Visual Studio Solution File, Format Version 12.00
Project("{FAE04EC0-301F-11D3-BF4B-00C04F79EFBC}") = "SFA.DAS.Apim.Developer.Domain", "SFA.DAS.Apim.Developer.Domain\SFA.DAS.Apim.Developer.Domain.csproj", "{24A2F2BA-6D01-4170-8506-04C14F12930E}"
EndProject
Project("{FAE04EC0-301F-11D3-BF4B-00C04F79EFBC}") = "SFA.DAS.Apim.Developer.Infrastructure", "SFA.DAS.Apim.Developer.Infrastructure\SFA.DAS.Apim.Developer.Infrastructure.csproj", "{3980E854-F2EA-4457-912B-048E0DB460D6}"
EndProject
Project("{2150E333-8FDC-42A3-9474-1A3956D46DE8}") = "Tests", "Tests", "{7299CD5B-514B-4C48-B139-FF20415328E1}"
EndProject
Project("{FAE04EC0-301F-11D3-BF4B-00C04F79EFBC}") = "SFA.DAS.Apim.Developer.Domain.UnitTests", "SFA.DAS.Apim.Developer.Domain.UnitTests\SFA.DAS.Apim.Developer.Domain.UnitTests.csproj", "{91082CDC-AABA-4DA6-9936-83DECF9B13EA}"
EndProject
Project("{FAE04EC0-301F-11D3-BF4B-00C04F79EFBC}") = "SFA.DAS.Apim.Developer.Infrastructure.UnitTests", "SFA.DAS.Apim.Developer.Infrastructure.UnitTests\SFA.DAS.Apim.Developer.Infrastructure.UnitTests.csproj", "{CA168B5A-49CC-43AF-9B5D-ED7EBACE7D4E}"
EndProject
Project("{FAE04EC0-301F-11D3-BF4B-00C04F79EFBC}") = "SFA.DAS.Apim.Developer.Application", "SFA.DAS.Apim.Developer.Application\SFA.DAS.Apim.Developer.Application.csproj", "{3E4F6E7E-009E-4B05-AE72-962880CF5043}"
EndProject
Project("{FAE04EC0-301F-11D3-BF4B-00C04F79EFBC}") = "SFA.DAS.Apim.Developer.Application.UnitTests", "SFA.DAS.Apim.Developer.Application.UnitTests\SFA.DAS.Apim.Developer.Application.UnitTests.csproj", "{F04B3023-B700-4DF3-A763-E0678302B82E}"
EndProject
Project("{FAE04EC0-301F-11D3-BF4B-00C04F79EFBC}") = "SFA.DAS.Apim.Developer.Web.UnitTests", "SFA.DAS.Apim.Developer.Web.UnitTests\SFA.DAS.Apim.Developer.Web.UnitTests.csproj", "{70F7734B-B62C-40E1-BA7F-6BA46A59D49D}"
EndProject
Project("{FAE04EC0-301F-11D3-BF4B-00C04F79EFBC}") = "SFA.DAS.Apim.Developer.Web", "SFA.DAS.Apim.Developer.Web\SFA.DAS.Apim.Developer.Web.csproj", "{2ADF508F-EAFF-4E84-BEF2-A28F5DB09EA2}"
EndProject
Global
	GlobalSection(SolutionConfigurationPlatforms) = preSolution
		Debug|Any CPU = Debug|Any CPU
		Release|Any CPU = Release|Any CPU
	EndGlobalSection
	GlobalSection(ProjectConfigurationPlatforms) = postSolution
		{24A2F2BA-6D01-4170-8506-04C14F12930E}.Debug|Any CPU.ActiveCfg = Debug|Any CPU
		{24A2F2BA-6D01-4170-8506-04C14F12930E}.Debug|Any CPU.Build.0 = Debug|Any CPU
		{24A2F2BA-6D01-4170-8506-04C14F12930E}.Release|Any CPU.ActiveCfg = Release|Any CPU
		{24A2F2BA-6D01-4170-8506-04C14F12930E}.Release|Any CPU.Build.0 = Release|Any CPU
		{3980E854-F2EA-4457-912B-048E0DB460D6}.Debug|Any CPU.ActiveCfg = Debug|Any CPU
		{3980E854-F2EA-4457-912B-048E0DB460D6}.Debug|Any CPU.Build.0 = Debug|Any CPU
		{3980E854-F2EA-4457-912B-048E0DB460D6}.Release|Any CPU.ActiveCfg = Release|Any CPU
		{3980E854-F2EA-4457-912B-048E0DB460D6}.Release|Any CPU.Build.0 = Release|Any CPU
		{91082CDC-AABA-4DA6-9936-83DECF9B13EA}.Debug|Any CPU.ActiveCfg = Debug|Any CPU
		{91082CDC-AABA-4DA6-9936-83DECF9B13EA}.Debug|Any CPU.Build.0 = Debug|Any CPU
		{91082CDC-AABA-4DA6-9936-83DECF9B13EA}.Release|Any CPU.ActiveCfg = Release|Any CPU
		{91082CDC-AABA-4DA6-9936-83DECF9B13EA}.Release|Any CPU.Build.0 = Release|Any CPU
		{CA168B5A-49CC-43AF-9B5D-ED7EBACE7D4E}.Debug|Any CPU.ActiveCfg = Debug|Any CPU
		{CA168B5A-49CC-43AF-9B5D-ED7EBACE7D4E}.Debug|Any CPU.Build.0 = Debug|Any CPU
		{CA168B5A-49CC-43AF-9B5D-ED7EBACE7D4E}.Release|Any CPU.ActiveCfg = Release|Any CPU
		{CA168B5A-49CC-43AF-9B5D-ED7EBACE7D4E}.Release|Any CPU.Build.0 = Release|Any CPU
		{3E4F6E7E-009E-4B05-AE72-962880CF5043}.Debug|Any CPU.ActiveCfg = Debug|Any CPU
		{3E4F6E7E-009E-4B05-AE72-962880CF5043}.Debug|Any CPU.Build.0 = Debug|Any CPU
		{3E4F6E7E-009E-4B05-AE72-962880CF5043}.Release|Any CPU.ActiveCfg = Release|Any CPU
		{3E4F6E7E-009E-4B05-AE72-962880CF5043}.Release|Any CPU.Build.0 = Release|Any CPU
		{F04B3023-B700-4DF3-A763-E0678302B82E}.Debug|Any CPU.ActiveCfg = Debug|Any CPU
		{F04B3023-B700-4DF3-A763-E0678302B82E}.Debug|Any CPU.Build.0 = Debug|Any CPU
		{F04B3023-B700-4DF3-A763-E0678302B82E}.Release|Any CPU.ActiveCfg = Release|Any CPU
		{F04B3023-B700-4DF3-A763-E0678302B82E}.Release|Any CPU.Build.0 = Release|Any CPU
		{70F7734B-B62C-40E1-BA7F-6BA46A59D49D}.Debug|Any CPU.ActiveCfg = Debug|Any CPU
		{70F7734B-B62C-40E1-BA7F-6BA46A59D49D}.Debug|Any CPU.Build.0 = Debug|Any CPU
		{70F7734B-B62C-40E1-BA7F-6BA46A59D49D}.Release|Any CPU.ActiveCfg = Release|Any CPU
		{70F7734B-B62C-40E1-BA7F-6BA46A59D49D}.Release|Any CPU.Build.0 = Release|Any CPU
		{2ADF508F-EAFF-4E84-BEF2-A28F5DB09EA2}.Debug|Any CPU.ActiveCfg = Debug|Any CPU
		{2ADF508F-EAFF-4E84-BEF2-A28F5DB09EA2}.Debug|Any CPU.Build.0 = Debug|Any CPU
		{2ADF508F-EAFF-4E84-BEF2-A28F5DB09EA2}.Release|Any CPU.ActiveCfg = Release|Any CPU
		{2ADF508F-EAFF-4E84-BEF2-A28F5DB09EA2}.Release|Any CPU.Build.0 = Release|Any CPU
	EndGlobalSection
	GlobalSection(NestedProjects) = preSolution
		{91082CDC-AABA-4DA6-9936-83DECF9B13EA} = {7299CD5B-514B-4C48-B139-FF20415328E1}
		{CA168B5A-49CC-43AF-9B5D-ED7EBACE7D4E} = {7299CD5B-514B-4C48-B139-FF20415328E1}
		{F04B3023-B700-4DF3-A763-E0678302B82E} = {7299CD5B-514B-4C48-B139-FF20415328E1}
		{70F7734B-B62C-40E1-BA7F-6BA46A59D49D} = {7299CD5B-514B-4C48-B139-FF20415328E1}
	EndGlobalSection
EndGlobal
