
Microsoft Visual Studio Solution File, Format Version 12.00
# Visual Studio Version 16
VisualStudioVersion = 16.0.31515.178
MinimumVisualStudioVersion = 10.0.40219.1
Project("{9A19103F-16F7-4668-BE54-9A1E7A4F7556}") = "SFA.DAS.Apim.Developer.Domain", "SFA.DAS.Apim.Developer.Domain\SFA.DAS.Apim.Developer.Domain.csproj", "{24A2F2BA-6D01-4170-8506-04C14F12930E}"
EndProject
Project("{9A19103F-16F7-4668-BE54-9A1E7A4F7556}") = "SFA.DAS.Apim.Developer.Infrastructure", "SFA.DAS.Apim.Developer.Infrastructure\SFA.DAS.Apim.Developer.Infrastructure.csproj", "{3980E854-F2EA-4457-912B-048E0DB460D6}"
EndProject
Project("{2150E333-8FDC-42A3-9474-1A3956D46DE8}") = "Tests", "Tests", "{7299CD5B-514B-4C48-B139-FF20415328E1}"
EndProject
Project("{9A19103F-16F7-4668-BE54-9A1E7A4F7556}") = "SFA.DAS.Apim.Developer.Domain.UnitTests", "SFA.DAS.Apim.Developer.Domain.UnitTests\SFA.DAS.Apim.Developer.Domain.UnitTests.csproj", "{91082CDC-AABA-4DA6-9936-83DECF9B13EA}"
EndProject
Project("{9A19103F-16F7-4668-BE54-9A1E7A4F7556}") = "SFA.DAS.Apim.Developer.Infrastructure.UnitTests", "SFA.DAS.Apim.Developer.Infrastructure.UnitTests\SFA.DAS.Apim.Developer.Infrastructure.UnitTests.csproj", "{CA168B5A-49CC-43AF-9B5D-ED7EBACE7D4E}"
EndProject
Project("{9A19103F-16F7-4668-BE54-9A1E7A4F7556}") = "SFA.DAS.Apim.Developer.Application", "SFA.DAS.Apim.Developer.Application\SFA.DAS.Apim.Developer.Application.csproj", "{3E4F6E7E-009E-4B05-AE72-962880CF5043}"
EndProject
Project("{9A19103F-16F7-4668-BE54-9A1E7A4F7556}") = "SFA.DAS.Apim.Developer.Application.UnitTests", "SFA.DAS.Apim.Developer.Application.UnitTests\SFA.DAS.Apim.Developer.Application.UnitTests.csproj", "{F04B3023-B700-4DF3-A763-E0678302B82E}"
EndProject
Project("{9A19103F-16F7-4668-BE54-9A1E7A4F7556}") = "SFA.DAS.Apim.Developer.Web.UnitTests", "SFA.DAS.Apim.Developer.Web.UnitTests\SFA.DAS.Apim.Developer.Web.UnitTests.csproj", "{70F7734B-B62C-40E1-BA7F-6BA46A59D49D}"
EndProject
Project("{9A19103F-16F7-4668-BE54-9A1E7A4F7556}") = "SFA.DAS.Apim.Developer.Web", "SFA.DAS.Apim.Developer.Web\SFA.DAS.Apim.Developer.Web.csproj", "{2ADF508F-EAFF-4E84-BEF2-A28F5DB09EA2}"
EndProject
Project("{2150E333-8FDC-42A3-9474-1A3956D46DE8}") = "MockServer", "MockServer", "{A12EAD56-F69D-4679-9332-C5825A85138B}"
EndProject
Project("{FAE04EC0-301F-11D3-BF4B-00C04F79EFBC}") = "SFA.DAS.Apim.Developer.MockServer", "SFA.DAS.Apim.Developer.MockServers\SFA.DAS.Apim.Developer.MockServer.csproj", "{C2AEA28A-38C0-4BDA-AD4D-A3741A9B4FFE}"
EndProject
Project("{FAE04EC0-301F-11D3-BF4B-00C04F79EFBC}") = "SFA.DAS.Apim.Developer.Web.AcceptanceTests", "SFA.DAS.Apim.Developer.Web.AcceptanceTests\SFA.DAS.Apim.Developer.Web.AcceptanceTests.csproj", "{EE450C7F-C816-430C-9193-0F10D723C9BB}"
EndProject
Global
	GlobalSection(SolutionConfigurationPlatforms) = preSolution
		Debug|Any CPU = Debug|Any CPU
		Release|Any CPU = Release|Any CPU
	EndGlobalSection
	GlobalSection(ProjectConfigurationPlatforms) = postSolution
		{24A2F2BA-6D01-4170-8506-04C14F12930E}.Debug|Any CPU.ActiveCfg = Debug|Any CPU
		{24A2F2BA-6D01-4170-8506-04C14F12930E}.Debug|Any CPU.Build.0 = Debug|Any CPU
		{24A2F2BA-6D01-4170-8506-04C14F12930E}.Release|Any CPU.ActiveCfg = Release|Any CPU
		{24A2F2BA-6D01-4170-8506-04C14F12930E}.Release|Any CPU.Build.0 = Release|Any CPU
		{3980E854-F2EA-4457-912B-048E0DB460D6}.Debug|Any CPU.ActiveCfg = Debug|Any CPU
		{3980E854-F2EA-4457-912B-048E0DB460D6}.Debug|Any CPU.Build.0 = Debug|Any CPU
		{3980E854-F2EA-4457-912B-048E0DB460D6}.Release|Any CPU.ActiveCfg = Release|Any CPU
		{3980E854-F2EA-4457-912B-048E0DB460D6}.Release|Any CPU.Build.0 = Release|Any CPU
		{91082CDC-AABA-4DA6-9936-83DECF9B13EA}.Debug|Any CPU.ActiveCfg = Debug|Any CPU
		{91082CDC-AABA-4DA6-9936-83DECF9B13EA}.Debug|Any CPU.Build.0 = Debug|Any CPU
		{91082CDC-AABA-4DA6-9936-83DECF9B13EA}.Release|Any CPU.ActiveCfg = Release|Any CPU
		{91082CDC-AABA-4DA6-9936-83DECF9B13EA}.Release|Any CPU.Build.0 = Release|Any CPU
		{CA168B5A-49CC-43AF-9B5D-ED7EBACE7D4E}.Debug|Any CPU.ActiveCfg = Debug|Any CPU
		{CA168B5A-49CC-43AF-9B5D-ED7EBACE7D4E}.Debug|Any CPU.Build.0 = Debug|Any CPU
		{CA168B5A-49CC-43AF-9B5D-ED7EBACE7D4E}.Release|Any CPU.ActiveCfg = Release|Any CPU
		{CA168B5A-49CC-43AF-9B5D-ED7EBACE7D4E}.Release|Any CPU.Build.0 = Release|Any CPU
		{3E4F6E7E-009E-4B05-AE72-962880CF5043}.Debug|Any CPU.ActiveCfg = Debug|Any CPU
		{3E4F6E7E-009E-4B05-AE72-962880CF5043}.Debug|Any CPU.Build.0 = Debug|Any CPU
		{3E4F6E7E-009E-4B05-AE72-962880CF5043}.Release|Any CPU.ActiveCfg = Release|Any CPU
		{3E4F6E7E-009E-4B05-AE72-962880CF5043}.Release|Any CPU.Build.0 = Release|Any CPU
		{F04B3023-B700-4DF3-A763-E0678302B82E}.Debug|Any CPU.ActiveCfg = Debug|Any CPU
		{F04B3023-B700-4DF3-A763-E0678302B82E}.Debug|Any CPU.Build.0 = Debug|Any CPU
		{F04B3023-B700-4DF3-A763-E0678302B82E}.Release|Any CPU.ActiveCfg = Release|Any CPU
		{F04B3023-B700-4DF3-A763-E0678302B82E}.Release|Any CPU.Build.0 = Release|Any CPU
		{70F7734B-B62C-40E1-BA7F-6BA46A59D49D}.Debug|Any CPU.ActiveCfg = Debug|Any CPU
		{70F7734B-B62C-40E1-BA7F-6BA46A59D49D}.Debug|Any CPU.Build.0 = Debug|Any CPU
		{70F7734B-B62C-40E1-BA7F-6BA46A59D49D}.Release|Any CPU.ActiveCfg = Release|Any CPU
		{70F7734B-B62C-40E1-BA7F-6BA46A59D49D}.Release|Any CPU.Build.0 = Release|Any CPU
		{2ADF508F-EAFF-4E84-BEF2-A28F5DB09EA2}.Debug|Any CPU.ActiveCfg = Debug|Any CPU
		{2ADF508F-EAFF-4E84-BEF2-A28F5DB09EA2}.Debug|Any CPU.Build.0 = Debug|Any CPU
		{2ADF508F-EAFF-4E84-BEF2-A28F5DB09EA2}.Release|Any CPU.ActiveCfg = Release|Any CPU
		{2ADF508F-EAFF-4E84-BEF2-A28F5DB09EA2}.Release|Any CPU.Build.0 = Release|Any CPU
		{C2AEA28A-38C0-4BDA-AD4D-A3741A9B4FFE}.Debug|Any CPU.ActiveCfg = Debug|Any CPU
		{C2AEA28A-38C0-4BDA-AD4D-A3741A9B4FFE}.Debug|Any CPU.Build.0 = Debug|Any CPU
		{C2AEA28A-38C0-4BDA-AD4D-A3741A9B4FFE}.Release|Any CPU.ActiveCfg = Release|Any CPU
		{C2AEA28A-38C0-4BDA-AD4D-A3741A9B4FFE}.Release|Any CPU.Build.0 = Release|Any CPU
		{EE450C7F-C816-430C-9193-0F10D723C9BB}.Debug|Any CPU.ActiveCfg = Debug|Any CPU
		{EE450C7F-C816-430C-9193-0F10D723C9BB}.Debug|Any CPU.Build.0 = Debug|Any CPU
		{EE450C7F-C816-430C-9193-0F10D723C9BB}.Release|Any CPU.ActiveCfg = Release|Any CPU
		{EE450C7F-C816-430C-9193-0F10D723C9BB}.Release|Any CPU.Build.0 = Release|Any CPU
	EndGlobalSection
	GlobalSection(SolutionProperties) = preSolution
		HideSolutionNode = FALSE
	EndGlobalSection
	GlobalSection(NestedProjects) = preSolution
		{91082CDC-AABA-4DA6-9936-83DECF9B13EA} = {7299CD5B-514B-4C48-B139-FF20415328E1}
		{CA168B5A-49CC-43AF-9B5D-ED7EBACE7D4E} = {7299CD5B-514B-4C48-B139-FF20415328E1}
		{F04B3023-B700-4DF3-A763-E0678302B82E} = {7299CD5B-514B-4C48-B139-FF20415328E1}
		{70F7734B-B62C-40E1-BA7F-6BA46A59D49D} = {7299CD5B-514B-4C48-B139-FF20415328E1}
		{C2AEA28A-38C0-4BDA-AD4D-A3741A9B4FFE} = {A12EAD56-F69D-4679-9332-C5825A85138B}
		{EE450C7F-C816-430C-9193-0F10D723C9BB} = {7299CD5B-514B-4C48-B139-FF20415328E1}
	EndGlobalSection
	GlobalSection(ExtensibilityGlobals) = postSolution
		SolutionGuid = {C5F23F36-4EC0-4C94-ACCE-3FB29BD134B9}
	EndGlobalSection
EndGlobal
